
Microsoft Visual Studio Solution File, Format Version 12.00
# Visual Studio Version 17
VisualStudioVersion = 17.8.34330.188
MinimumVisualStudioVersion = 10.0.40219.1
Project("{FAE04EC0-301F-11D3-BF4B-00C04F79EFBC}") = "TestLibrary", "TestLibrary\TestLibrary.csproj", "{16B5C14E-A6B9-4876-9F6D-D5652A76AB68}"
EndProject
Global
	GlobalSection(SolutionConfigurationPlatforms) = preSolution
		Debug|Any CPU = Debug|Any CPU
		Release|Any CPU = Release|Any CPU
	EndGlobalSection
	GlobalSection(ProjectConfigurationPlatforms) = postSolution
		{16B5C14E-A6B9-4876-9F6D-D5652A76AB68}.Debug|Any CPU.ActiveCfg = Debug|Any CPU
		{16B5C14E-A6B9-4876-9F6D-D5652A76AB68}.Debug|Any CPU.Build.0 = Debug|Any CPU
		{16B5C14E-A6B9-4876-9F6D-D5652A76AB68}.Release|Any CPU.ActiveCfg = Release|Any CPU
		{16B5C14E-A6B9-4876-9F6D-D5652A76AB68}.Release|Any CPU.Build.0 = Release|Any CPU
	EndGlobalSection
	GlobalSection(SolutionProperties) = preSolution
		HideSolutionNode = FALSE
	EndGlobalSection
	GlobalSection(ExtensibilityGlobals) = postSolution
		SolutionGuid = {67EDD125-1071-4A92-BCCF-9B34378CC725}
	EndGlobalSection
EndGlobal
